
Microsoft Visual Studio Solution File, Format Version 12.00
# Visual Studio Version 17
VisualStudioVersion = 17.4.33205.214
MinimumVisualStudioVersion = 10.0.40219.1
Project("{FAE04EC0-301F-11D3-BF4B-00C04F79EFBC}") = "Book Review UI", "Book Review UI.csproj", "{23231779-BAA8-489C-9DF2-D4A59FE4F747}"
EndProject
Global
	GlobalSection(SolutionConfigurationPlatforms) = preSolution
		Debug|Any CPU = Debug|Any CPU
		Release|Any CPU = Release|Any CPU
	EndGlobalSection
	GlobalSection(ProjectConfigurationPlatforms) = postSolution
		{23231779-BAA8-489C-9DF2-D4A59FE4F747}.Debug|Any CPU.ActiveCfg = Debug|Any CPU
		{23231779-BAA8-489C-9DF2-D4A59FE4F747}.Debug|Any CPU.Build.0 = Debug|Any CPU
		{23231779-BAA8-489C-9DF2-D4A59FE4F747}.Release|Any CPU.ActiveCfg = Release|Any CPU
		{23231779-BAA8-489C-9DF2-D4A59FE4F747}.Release|Any CPU.Build.0 = Release|Any CPU
	EndGlobalSection
	GlobalSection(SolutionProperties) = preSolution
		HideSolutionNode = FALSE
	EndGlobalSection
	GlobalSection(ExtensibilityGlobals) = postSolution
		SolutionGuid = {BBC538CD-F59E-4A08-A42A-7A33845C900A}
	EndGlobalSection
EndGlobal
